<?xml version="1.0" encoding="utf-8"?>
<Project ToolsVersion="4.0" xmlns="http://schemas.microsoft.com/developer/msbuild/2003">
  <ItemGroup>
    <Filter Include="Common">
      <UniqueIdentifier>{0bc27fa8-afac-4a02-8354-f8ac7e3056e0}</UniqueIdentifier>
    </Filter>
    <Filter Include="High Level Interface">
      <UniqueIdentifier>{ef2cc17f-dc8c-4713-acb5-11a43c435929}</UniqueIdentifier>
    </Filter>
    <Filter Include="Graphics">
      <UniqueIdentifier>{84407bf0-b431-49e7-b0cd-167e818415ab}</UniqueIdentifier>
    </Filter>
    <Filter Include="Common\Math">
      <UniqueIdentifier>{8f5edaa5-ad5d-423a-bc41-5e68a8621da5}</UniqueIdentifier>
    </Filter>
    <Filter Include="Resource">
      <UniqueIdentifier>{767d4264-e56a-430c-8c2d-f49d85c35b59}</UniqueIdentifier>
    </Filter>
    <Filter Include="Time">
      <UniqueIdentifier>{d5cea299-11de-49f8-9c0c-c110056dd303}</UniqueIdentifier>
    </Filter>
    <Filter Include="Input">
      <UniqueIdentifier>{cd4b9eba-c6cf-46a9-a814-89a620c95213}</UniqueIdentifier>
    </Filter>
    <Filter Include="Renderer">
      <UniqueIdentifier>{f2d38e5b-5248-43e0-b712-e484a165f414}</UniqueIdentifier>
    </Filter>
    <Filter Include="Scene">
      <UniqueIdentifier>{976687b1-0493-449e-87e3-f6bf27d49c71}</UniqueIdentifier>
    </Filter>
    <Filter Include="GameObject">
      <UniqueIdentifier>{68d11966-8044-4e2a-abef-cc0a1a1642f3}</UniqueIdentifier>
    </Filter>
    <Filter Include="Resource\Mesh">
      <UniqueIdentifier>{5ddde7d6-5dbf-4474-8ff2-f014eaefe47e}</UniqueIdentifier>
    </Filter>
    <Filter Include="Resource\Shader">
      <UniqueIdentifier>{f6d54454-faa4-4b11-8592-0408c79bef47}</UniqueIdentifier>
    </Filter>
    <Filter Include="Resource\Manager">
      <UniqueIdentifier>{566c056d-bc1c-4a66-9874-1eb8b38721ee}</UniqueIdentifier>
    </Filter>
    <Filter Include="Component">
      <UniqueIdentifier>{d54e1d46-871f-40f8-ad58-0a2d4ec246e6}</UniqueIdentifier>
    </Filter>
    <Filter Include="Resource\Material">
      <UniqueIdentifier>{b120460a-4944-428f-b9a0-e7253c288eab}</UniqueIdentifier>
    </Filter>
    <Filter Include="Resource\Texture">
      <UniqueIdentifier>{2e19c4b5-25ef-434b-bb7c-23ab21873a44}</UniqueIdentifier>
    </Filter>
    <Filter Include="Component\Script">
      <UniqueIdentifier>{5d1a9b1c-e367-41ff-827a-0670e743acf2}</UniqueIdentifier>
    </Filter>
    <Filter Include="Component\Transform">
      <UniqueIdentifier>{33646287-989c-4565-ad3c-77fa53030165}</UniqueIdentifier>
    </Filter>
    <Filter Include="Component\Renderer">
      <UniqueIdentifier>{6cbbc9fb-29a5-4e89-a66a-edbeee8d0a1a}</UniqueIdentifier>
    </Filter>
    <Filter Include="Component\Script\Contents">
      <UniqueIdentifier>{0c9e0d2f-bd3f-44cc-a073-834f8bdf9d93}</UniqueIdentifier>
    </Filter>
    <Filter Include="Component\Camera">
      <UniqueIdentifier>{d5d09f34-c98b-40e4-9959-3f7e7df27f01}</UniqueIdentifier>
    </Filter>
    <Filter Include="Resource\Script">
      <UniqueIdentifier>{bd5eb4ff-9f54-4ada-b23b-dd4130c98faf}</UniqueIdentifier>
    </Filter>
    <Filter Include="Scene\Base">
      <UniqueIdentifier>{2bf45b05-0f71-4108-ade3-0f445677916d}</UniqueIdentifier>
    </Filter>
    <Filter Include="Scene\Layer">
      <UniqueIdentifier>{1e71bc42-a7cc-46d6-9577-a9d25d0f359c}</UniqueIdentifier>
    </Filter>
    <Filter Include="Scene\Manager">
      <UniqueIdentifier>{ed02c5d8-b13c-4afe-85b6-3e56a722014f}</UniqueIdentifier>
    </Filter>
    <Filter Include="Component\Collider">
      <UniqueIdentifier>{92b865c2-1040-44bb-9ddb-b9ebff3bccbe}</UniqueIdentifier>
    </Filter>
    <Filter Include="Resource\Prefab">
      <UniqueIdentifier>{b366b499-a62e-4505-9f52-19a691c5fba5}</UniqueIdentifier>
    </Filter>
    <Filter Include="Component\Collider\Manager">
      <UniqueIdentifier>{0347b04d-368f-41d2-b90e-b1a726c5fc71}</UniqueIdentifier>
    </Filter>
    <Filter Include="Component\Collider\2D">
      <UniqueIdentifier>{51ad1f08-b1a8-4cce-a84d-49b9b06e11a9}</UniqueIdentifier>
    </Filter>
    <Filter Include="Component\Collider\3D">
      <UniqueIdentifier>{6b267699-3830-4c57-89d0-68c916e6fb9a}</UniqueIdentifier>
    </Filter>
    <Filter Include="Animation">
      <UniqueIdentifier>{a56848a0-7674-497c-935a-7f8f680b5935}</UniqueIdentifier>
    </Filter>
    <Filter Include="Component\Script\Contents\UI">
      <UniqueIdentifier>{f7609d97-d9a6-402b-b027-dec74df84eac}</UniqueIdentifier>
    </Filter>
    <Filter Include="Component\Script\Contents\Monster">
      <UniqueIdentifier>{3569460b-4744-40f4-9e4e-e18f5cd2edb2}</UniqueIdentifier>
    </Filter>
    <Filter Include="Component\Script\Contents\Monster\Base">
      <UniqueIdentifier>{77dc4b21-6b79-4a06-93c5-40e347bb1844}</UniqueIdentifier>
    </Filter>
    <Filter Include="Component\Script\Common">
      <UniqueIdentifier>{a0b66402-1a04-47d6-93c8-9518497447e3}</UniqueIdentifier>
    </Filter>
    <Filter Include="Component\Script\Block">
      <UniqueIdentifier>{84cdccfb-5ef8-41a9-a5b4-756802e4ff81}</UniqueIdentifier>
    </Filter>
    <Filter Include="Resource\Shader\Base">
      <UniqueIdentifier>{5c594349-9cc8-45b5-8ea2-b946dd8fb1d1}</UniqueIdentifier>
    </Filter>
    <Filter Include="Graphics\Buffer">
      <UniqueIdentifier>{34ab1cf1-b116-46eb-a49f-02a808ebaaf3}</UniqueIdentifier>
    </Filter>
    <Filter Include="Graphics\Api">
      <UniqueIdentifier>{81432d05-ac37-412e-a02f-d9a4b98d40ec}</UniqueIdentifier>
    </Filter>
    <Filter Include="Component\Script\ParticleScript">
      <UniqueIdentifier>{213a3dbf-c229-4a9f-9a1b-e3f3806974c9}</UniqueIdentifier>
    </Filter>
    <Filter Include="Component\Script\ParticleScript\Manager">
      <UniqueIdentifier>{3917e436-d9d4-495c-9b7f-7670fcb20316}</UniqueIdentifier>
    </Filter>
    <Filter Include="Component\Script\Contents\Player">
      <UniqueIdentifier>{6d6c2ff1-0f31-44e1-8396-5c1a13b114c0}</UniqueIdentifier>
    </Filter>
    <Filter Include="Component\Script\Contents\Item">
      <UniqueIdentifier>{a7885692-6506-4a1f-869c-4381428342e0}</UniqueIdentifier>
    </Filter>
    <Filter Include="Component\Script\Contents\Item\Whip">
      <UniqueIdentifier>{935e4f1e-3aa0-423d-9bb0-dc2d11e43edd}</UniqueIdentifier>
    </Filter>
    <Filter Include="Component\Script\Contents\Item\ShotGun">
      <UniqueIdentifier>{2c784f36-ccbd-4e43-8b8a-befd2e43b595}</UniqueIdentifier>
    </Filter>
    <Filter Include="Component\Script\Contents\Item\ShotGun\Bullet">
      <UniqueIdentifier>{04140c0a-dad5-4c85-a59c-dd91a9c61ec8}</UniqueIdentifier>
    </Filter>
    <Filter Include="Component\Script\Contents\Item\Rope">
      <UniqueIdentifier>{9ff7ab3b-740c-497d-9a5c-d67c6ba1ed95}</UniqueIdentifier>
    </Filter>
    <Filter Include="Component\Script\Contents\Item\Rope\Throw">
      <UniqueIdentifier>{4f43faee-db35-4460-b1cb-b60d814bc726}</UniqueIdentifier>
    </Filter>
    <Filter Include="Component\Script\Contents\Item\Base">
      <UniqueIdentifier>{3bd3a589-c781-4e9a-852d-495b99a1f1af}</UniqueIdentifier>
    </Filter>
    <Filter Include="Component\Script\Contents\Item\Bomb">
      <UniqueIdentifier>{45fe5863-2767-43c5-b96f-56c60f7557b0}</UniqueIdentifier>
    </Filter>
    <Filter Include="Component\Script\Contents\System">
      <UniqueIdentifier>{bb966a04-68d1-48f4-809f-a7659e0e8b21}</UniqueIdentifier>
    </Filter>
    <Filter Include="Component\Script\Contents\Trap">
      <UniqueIdentifier>{da635c8c-f9d7-47b6-9a5e-5bc192f00184}</UniqueIdentifier>
    </Filter>
    <Filter Include="Component\Script\Contents\Monster\Bat">
      <UniqueIdentifier>{2223b11b-2e01-492f-a2ac-43309ea3bc8b}</UniqueIdentifier>
    </Filter>
    <Filter Include="Component\Script\Contents\Monster\Caveman">
      <UniqueIdentifier>{739f702d-3226-4624-b02b-a2083ee39bfd}</UniqueIdentifier>
    </Filter>
    <Filter Include="Component\Script\Contents\Monster\HornedLizard">
      <UniqueIdentifier>{9edcfc12-0fdf-4e14-97f9-c2ffb9ce325a}</UniqueIdentifier>
    </Filter>
    <Filter Include="Component\Script\Contents\Monster\Quillback">
      <UniqueIdentifier>{d814dee3-89f1-46a4-b7d7-9c5fc4262e5d}</UniqueIdentifier>
    </Filter>
    <Filter Include="Component\Script\Contents\Monster\Skeleton">
      <UniqueIdentifier>{0d6972fe-df5c-4d3b-92c0-8cff1d94d0da}</UniqueIdentifier>
    </Filter>
    <Filter Include="Component\Script\Contents\Monster\Snake">
      <UniqueIdentifier>{ff9276ca-b9d9-4b42-b713-ead63fb10b88}</UniqueIdentifier>
    </Filter>
    <Filter Include="Component\Script\Contents\Monster\Spider">
      <UniqueIdentifier>{0cf5e60a-942d-4e21-97ea-b16cdeab3af2}</UniqueIdentifier>
    </Filter>
    <Filter Include="Component\Script\Contents\Monster\Merchant">
      <UniqueIdentifier>{c7f301ab-d943-4f92-9d3a-fd54e05b6024}</UniqueIdentifier>
    </Filter>
    <Filter Include="Component\Script\CameraScript">
      <UniqueIdentifier>{1e48342e-e4a3-4f7f-8f32-28ccab7fdd92}</UniqueIdentifier>
    </Filter>
    <Filter Include="Component\Script\Base">
      <UniqueIdentifier>{b847ea40-514c-4c4e-ae97-f8c1fdb07a0c}</UniqueIdentifier>
    </Filter>
    <Filter Include="Component\Base">
      <UniqueIdentifier>{e98db545-3360-421e-93ee-a7e12b4a0693}</UniqueIdentifier>
    </Filter>
    <Filter Include="Component\Light">
      <UniqueIdentifier>{14f14b05-c68c-4c3d-a016-039a39b35e8b}</UniqueIdentifier>
    </Filter>
  </ItemGroup>
  <ItemGroup>
    <ClCompile Include="yaApplication.cpp">
      <Filter>High Level Interface</Filter>
    </ClCompile>
    <ClCompile Include="yaMath.cpp">
      <Filter>Common\Math</Filter>
    </ClCompile>
    <ClCompile Include="yaTime.cpp">
      <Filter>Time</Filter>
    </ClCompile>
    <ClCompile Include="yaInput.cpp">
      <Filter>Input</Filter>
    </ClCompile>
    <ClCompile Include="yaEntity.cpp">
      <Filter>Common</Filter>
    </ClCompile>
    <ClCompile Include="yaResource.cpp">
      <Filter>Resource</Filter>
    </ClCompile>
    <ClCompile Include="yaRenderer.cpp">
      <Filter>Renderer</Filter>
    </ClCompile>
    <ClCompile Include="yaGameObject.cpp">
      <Filter>GameObject</Filter>
    </ClCompile>
    <ClCompile Include="yaMesh.cpp">
      <Filter>Resource\Mesh</Filter>
    </ClCompile>
    <ClCompile Include="yaResources.cpp">
      <Filter>Resource\Manager</Filter>
    </ClCompile>
    <ClCompile Include="yaMaterial.cpp">
      <Filter>Resource\Material</Filter>
    </ClCompile>
    <ClCompile Include="yaTexture.cpp">
      <Filter>Resource\Texture</Filter>
    </ClCompile>
    <ClCompile Include="yaTransform.cpp">
      <Filter>Component\Transform</Filter>
    </ClCompile>
    <ClCompile Include="yaMeshRenderer.cpp">
      <Filter>Component\Renderer</Filter>
    </ClCompile>
    <ClCompile Include="yaCamera.cpp">
      <Filter>Component\Camera</Filter>
    </ClCompile>
    <ClCompile Include="yaSpriteRenderer.cpp">
      <Filter>Component\Renderer</Filter>
    </ClCompile>
    <ClCompile Include="yaBaseRenderer.cpp">
      <Filter>Renderer</Filter>
    </ClCompile>
    <ClCompile Include="yaGridScript.cpp">
      <Filter>Resource\Script</Filter>
    </ClCompile>
    <ClCompile Include="yaPlayScene.cpp">
      <Filter>Scene</Filter>
    </ClCompile>
    <ClCompile Include="yaTitleScene.cpp">
      <Filter>Scene</Filter>
    </ClCompile>
    <ClCompile Include="yaLayer.cpp">
      <Filter>Scene\Layer</Filter>
    </ClCompile>
    <ClCompile Include="yaScene.cpp">
      <Filter>Scene\Base</Filter>
    </ClCompile>
    <ClCompile Include="yaSceneManager.cpp">
      <Filter>Scene\Manager</Filter>
    </ClCompile>
    <ClCompile Include="yaCollisionManager.cpp">
      <Filter>Component\Collider\Manager</Filter>
    </ClCompile>
    <ClCompile Include="yaPrefab.cpp">
      <Filter>Resource\Prefab</Filter>
    </ClCompile>
    <ClCompile Include="yaCollider2D.cpp">
      <Filter>Component\Collider\2D</Filter>
    </ClCompile>
    <ClCompile Include="yaCollider3D.cpp">
      <Filter>Component\Collider\3D</Filter>
    </ClCompile>
    <ClCompile Include="yaCollider.cpp">
      <Filter>Component\Collider</Filter>
    </ClCompile>
    <ClCompile Include="yaCharacterSelectScene.cpp">
      <Filter>Scene</Filter>
    </ClCompile>
    <ClCompile Include="yaAnimator.cpp">
      <Filter>Animation</Filter>
    </ClCompile>
    <ClCompile Include="yaAnimation.cpp">
      <Filter>Animation</Filter>
    </ClCompile>
    <ClCompile Include="yaCharSelectUI.cpp">
      <Filter>Component\Script\Contents\UI</Filter>
    </ClCompile>
    <ClCompile Include="yaUIStatue.cpp">
      <Filter>Component\Script\Contents\UI</Filter>
    </ClCompile>
    <ClCompile Include="yaTitleMenuSelect.cpp">
      <Filter>Component\Script\Contents\UI</Filter>
    </ClCompile>
    <ClCompile Include="yaArrow.cpp">
      <Filter>Component\Script\Contents\UI</Filter>
    </ClCompile>
    <ClCompile Include="yaUIDisk.cpp">
      <Filter>Component\Script\Contents\UI</Filter>
    </ClCompile>
    <ClCompile Include="yaUISpear.cpp">
      <Filter>Component\Script\Contents\UI</Filter>
    </ClCompile>
    <ClCompile Include="yaWhip.cpp">
      <Filter>Component\Script\Contents\Item\Whip</Filter>
    </ClCompile>
    <ClCompile Include="yaWhipScript.cpp">
      <Filter>Component\Script\Contents\Item\Whip</Filter>
    </ClCompile>
    <ClCompile Include="yaMonster.cpp">
      <Filter>Component\Script\Contents\Monster\Base</Filter>
    </ClCompile>
    <ClCompile Include="yaShotgun.cpp">
      <Filter>Component\Script\Contents\Item\ShotGun</Filter>
    </ClCompile>
    <ClCompile Include="yaShotGunScript.cpp">
      <Filter>Component\Script\Contents\Item\ShotGun</Filter>
    </ClCompile>
    <ClCompile Include="yaBullet.cpp">
      <Filter>Component\Script\Contents\Item\ShotGun\Bullet</Filter>
    </ClCompile>
    <ClCompile Include="yaBulletScript.cpp">
      <Filter>Component\Script\Contents\Item\ShotGun\Bullet</Filter>
    </ClCompile>
    <ClCompile Include="yaRope.cpp">
      <Filter>Component\Script\Contents\Item\Rope</Filter>
    </ClCompile>
    <ClCompile Include="yaRopeScript.cpp">
      <Filter>Component\Script\Contents\Item\Rope</Filter>
    </ClCompile>
    <ClCompile Include="yaRopeThrow.cpp">
      <Filter>Component\Script\Contents\Item\Rope\Throw</Filter>
    </ClCompile>
    <ClCompile Include="yaRopeThrowScript.cpp">
      <Filter>Component\Script\Contents\Item\Rope\Throw</Filter>
    </ClCompile>
    <ClCompile Include="yaItem.cpp">
      <Filter>Component\Script\Contents\Item\Base</Filter>
    </ClCompile>
    <ClCompile Include="yaDoor.cpp">
      <Filter>Component\Script\Block</Filter>
    </ClCompile>
    <ClCompile Include="yaRigidbody.cpp">
      <Filter>Component</Filter>
    </ClCompile>
    <ClCompile Include="yaBomb.cpp">
      <Filter>Component\Script\Contents\Item\Bomb</Filter>
    </ClCompile>
    <ClCompile Include="yaComputeShader.cpp">
      <Filter>Resource\Shader</Filter>
    </ClCompile>
    <ClCompile Include="yaPaintShader.cpp">
      <Filter>Resource\Shader</Filter>
    </ClCompile>
    <ClCompile Include="yaShader.cpp">
      <Filter>Resource\Shader\Base</Filter>
    </ClCompile>
    <ClCompile Include="yaParticleSystem.cpp" />
    <ClCompile Include="yaParticleShader.cpp">
      <Filter>Resource\Shader</Filter>
    </ClCompile>
    <ClCompile Include="yaStructedBuffer.cpp">
      <Filter>Graphics\Buffer</Filter>
    </ClCompile>
    <ClCompile Include="yaConstantBuffer.cpp">
      <Filter>Graphics\Buffer</Filter>
    </ClCompile>
    <ClCompile Include="yaGraphicDevice_DX11.cpp">
      <Filter>Graphics\Api</Filter>
    </ClCompile>
    <ClCompile Include="yaFintParticleScript.cpp">
      <Filter>Component\Script\ParticleScript</Filter>
    </ClCompile>
    <ClCompile Include="yaBombScript.cpp">
      <Filter>Component\Script\Contents\Item</Filter>
    </ClCompile>
    <ClCompile Include="yaArrows.cpp">
      <Filter>Component\Script\Contents\Item</Filter>
    </ClCompile>
    <ClCompile Include="yaPlayer.cpp">
      <Filter>Component\Script\Contents\Player</Filter>
    </ClCompile>
    <ClCompile Include="yaPlayerScript.cpp">
      <Filter>Component\Script\Contents\Player</Filter>
    </ClCompile>
    <ClCompile Include="yaBigExplodeParticleScript.cpp">
      <Filter>Component\Script\ParticleScript</Filter>
    </ClCompile>
    <ClCompile Include="yaGameHud.cpp">
      <Filter>Component\Script\Contents\UI</Filter>
    </ClCompile>
    <ClCompile Include="yaSmallExplodeParticleScript.cpp">
      <Filter>Component\Script\ParticleScript</Filter>
    </ClCompile>
    <ClCompile Include="yaBlock.cpp">
      <Filter>Component\Script\Contents\System</Filter>
    </ClCompile>
    <ClCompile Include="yaDetector.cpp">
      <Filter>Component\Script\Contents\System</Filter>
    </ClCompile>
    <ClCompile Include="yaInventory.cpp">
      <Filter>Component\Script\Contents\System</Filter>
    </ClCompile>
    <ClCompile Include="yaStage.cpp">
      <Filter>Component\Script\Contents\System</Filter>
    </ClCompile>
    <ClCompile Include="yaStore.cpp">
      <Filter>Component\Script\Contents\System</Filter>
    </ClCompile>
    <ClCompile Include="..\44Engine\yaDebugObject.cpp">
      <Filter>GameObject</Filter>
    </ClCompile>
    <ClCompile Include="..\44Engine\yaEditorObject.cpp">
      <Filter>GameObject</Filter>
    </ClCompile>
    <ClCompile Include="yaDispenser.cpp">
      <Filter>Component\Script\Contents\Trap</Filter>
    </ClCompile>
    <ClCompile Include="yaTotemTrap.cpp">
      <Filter>Component\Script\Contents\Trap</Filter>
    </ClCompile>
    <ClCompile Include="yaBat.cpp">
      <Filter>Component\Script\Contents\Monster\Bat</Filter>
    </ClCompile>
    <ClCompile Include="yaCaveman.cpp">
      <Filter>Component\Script\Contents\Monster\Caveman</Filter>
    </ClCompile>
    <ClCompile Include="yaHornedLizard.cpp">
      <Filter>Component\Script\Contents\Monster\HornedLizard</Filter>
    </ClCompile>
    <ClCompile Include="yaQuillback.cpp">
      <Filter>Component\Script\Contents\Monster\Quillback</Filter>
    </ClCompile>
    <ClCompile Include="yaSkeleton.cpp">
      <Filter>Component\Script\Contents\Monster\Skeleton</Filter>
    </ClCompile>
    <ClCompile Include="yaSnake.cpp">
      <Filter>Component\Script\Contents\Monster\Snake</Filter>
    </ClCompile>
    <ClCompile Include="yaSpider.cpp">
      <Filter>Component\Script\Contents\Monster\Spider</Filter>
    </ClCompile>
    <ClCompile Include="yaMerchant.cpp">
      <Filter>Component\Script\Contents\Monster\Merchant</Filter>
    </ClCompile>
    <ClCompile Include="yaCameraScript.cpp">
      <Filter>Component\Script\CameraScript</Filter>
    </ClCompile>
    <ClCompile Include="yaScript.cpp">
      <Filter>Component\Script\Base</Filter>
    </ClCompile>
    <ClCompile Include="yaComponent.cpp">
      <Filter>Component\Base</Filter>
    </ClCompile>
    <ClCompile Include="yaLight.cpp">
      <Filter>Component\Light</Filter>
    </ClCompile>
    <ClCompile Include="yaMonsterManager.cpp" />
    <ClCompile Include="yaExitDoor.cpp" />
    <ClCompile Include="yaTreasure.cpp" />
    <ClCompile Include="yaParticleManager.cpp">
      <Filter>Component\Script\ParticleScript\Manager</Filter>
    </ClCompile>
    <ClCompile Include="yaBloodParticle.cpp">
      <Filter>Component\Script\ParticleScript</Filter>
    </ClCompile>
    <ClCompile Include="yaBounceParticleSript.cpp">
      <Filter>Component\Script\ParticleScript</Filter>
    </ClCompile>
    <ClCompile Include="yaShotGunParticle.cpp">
      <Filter>Component\Script\ParticleScript</Filter>
    </ClCompile>
    <ClCompile Include="yaStageResult.cpp" />
  </ItemGroup>
  <ItemGroup>
    <ClInclude Include="CommonInclude.h">
      <Filter>Common</Filter>
    </ClInclude>
    <ClInclude Include="yaApplication.h">
      <Filter>High Level Interface</Filter>
    </ClInclude>
    <ClInclude Include="yaMath.h">
      <Filter>Common\Math</Filter>
    </ClInclude>
    <ClInclude Include="yaTime.h">
      <Filter>Time</Filter>
    </ClInclude>
    <ClInclude Include="yaInput.h">
      <Filter>Input</Filter>
    </ClInclude>
    <ClInclude Include="yaEntity.h">
      <Filter>Common</Filter>
    </ClInclude>
    <ClInclude Include="yaResource.h">
      <Filter>Resource</Filter>
    </ClInclude>
    <ClInclude Include="yaGraphics.h">
      <Filter>Graphics</Filter>
    </ClInclude>
    <ClInclude Include="yaEngine.h">
      <Filter>Common</Filter>
    </ClInclude>
    <ClInclude Include="yaEnums.h">
      <Filter>Common</Filter>
    </ClInclude>
    <ClInclude Include="yaRenderer.h">
      <Filter>Renderer</Filter>
    </ClInclude>
    <ClInclude Include="yaGameObject.h">
      <Filter>GameObject</Filter>
    </ClInclude>
    <ClInclude Include="yaMesh.h">
      <Filter>Resource\Mesh</Filter>
    </ClInclude>
    <ClInclude Include="yaResources.h">
      <Filter>Resource\Manager</Filter>
    </ClInclude>
    <ClInclude Include="yaMaterial.h">
      <Filter>Resource\Material</Filter>
    </ClInclude>
    <ClInclude Include="yaTexture.h">
      <Filter>Resource\Texture</Filter>
    </ClInclude>
    <ClInclude Include="yaTransform.h">
      <Filter>Component\Transform</Filter>
    </ClInclude>
    <ClInclude Include="yaMeshRenderer.h">
      <Filter>Component\Renderer</Filter>
    </ClInclude>
    <ClInclude Include="yaCamera.h">
      <Filter>Component\Camera</Filter>
    </ClInclude>
    <ClInclude Include="yaSpriteRenderer.h">
      <Filter>Component\Renderer</Filter>
    </ClInclude>
    <ClInclude Include="yaObject.h">
      <Filter>GameObject</Filter>
    </ClInclude>
    <ClInclude Include="yaBaseRenderer.h">
      <Filter>Renderer</Filter>
    </ClInclude>
    <ClInclude Include="yaGridScript.h">
      <Filter>Resource\Script</Filter>
    </ClInclude>
    <ClInclude Include="yaTitleScene.h">
      <Filter>Scene</Filter>
    </ClInclude>
    <ClInclude Include="yaPlayScene.h">
      <Filter>Scene</Filter>
    </ClInclude>
    <ClInclude Include="yaLayer.h">
      <Filter>Scene\Layer</Filter>
    </ClInclude>
    <ClInclude Include="yaScene.h">
      <Filter>Scene\Base</Filter>
    </ClInclude>
    <ClInclude Include="yaSceneManager.h">
      <Filter>Scene\Manager</Filter>
    </ClInclude>
    <ClInclude Include="yaCollisionManager.h">
      <Filter>Component\Collider\Manager</Filter>
    </ClInclude>
    <ClInclude Include="yaPrefab.h">
      <Filter>Resource\Prefab</Filter>
    </ClInclude>
    <ClInclude Include="yaCollider2D.h">
      <Filter>Component\Collider\2D</Filter>
    </ClInclude>
    <ClInclude Include="yaCollider3D.h">
      <Filter>Component\Collider\3D</Filter>
    </ClInclude>
    <ClInclude Include="yaCollider.h">
      <Filter>Component\Collider</Filter>
    </ClInclude>
    <ClInclude Include="yaCharacterSelectScene.h">
      <Filter>Scene</Filter>
    </ClInclude>
    <ClInclude Include="yaAnimator.h">
      <Filter>Animation</Filter>
    </ClInclude>
    <ClInclude Include="yaAnimation.h">
      <Filter>Animation</Filter>
    </ClInclude>
    <ClInclude Include="yaCharSelectUI.h">
      <Filter>Component\Script\Contents\UI</Filter>
    </ClInclude>
    <ClInclude Include="yaTitleMenuSelect.h">
      <Filter>Component\Script\Contents\UI</Filter>
    </ClInclude>
    <ClInclude Include="yaUISpear.h">
      <Filter>Component\Script\Contents\UI</Filter>
    </ClInclude>
    <ClInclude Include="yaUIStatue.h">
      <Filter>Component\Script\Contents\UI</Filter>
    </ClInclude>
    <ClInclude Include="yaUIDisk.h">
      <Filter>Component\Script\Contents\UI</Filter>
    </ClInclude>
    <ClInclude Include="yaArrow.h">
      <Filter>Component\Script\Contents\UI</Filter>
    </ClInclude>
    <ClInclude Include="yaWhip.h">
      <Filter>Component\Script\Contents\Item\Whip</Filter>
    </ClInclude>
    <ClInclude Include="yaWhipScript.h">
      <Filter>Component\Script\Contents\Item\Whip</Filter>
    </ClInclude>
    <ClInclude Include="yaMonster.h">
      <Filter>Component\Script\Contents\Monster\Base</Filter>
    </ClInclude>
    <ClInclude Include="yaShotgun.h">
      <Filter>Component\Script\Contents\Item\ShotGun</Filter>
    </ClInclude>
    <ClInclude Include="yaShotGunScript.h">
      <Filter>Component\Script\Contents\Item\ShotGun</Filter>
    </ClInclude>
    <ClInclude Include="yaBulletScript.h">
      <Filter>Component\Script\Contents\Item\ShotGun\Bullet</Filter>
    </ClInclude>
    <ClInclude Include="yaBullet.h">
      <Filter>Component\Script\Contents\Item\ShotGun\Bullet</Filter>
    </ClInclude>
    <ClInclude Include="yaRopeScript.h">
      <Filter>Component\Script\Contents\Item\Rope</Filter>
    </ClInclude>
    <ClInclude Include="yaRope.h">
      <Filter>Component\Script\Contents\Item\Rope</Filter>
    </ClInclude>
    <ClInclude Include="yaRopeThrowScript.h">
      <Filter>Component\Script\Contents\Item\Rope\Throw</Filter>
    </ClInclude>
    <ClInclude Include="yaRopeThrow.h">
      <Filter>Component\Script\Contents\Item\Rope\Throw</Filter>
    </ClInclude>
    <ClInclude Include="yaItem.h">
      <Filter>Component\Script\Contents\Item\Base</Filter>
    </ClInclude>
    <ClInclude Include="yaDoor.h">
      <Filter>Component\Script\Block</Filter>
    </ClInclude>
    <ClInclude Include="yaRigidbody.h">
      <Filter>Component</Filter>
    </ClInclude>
    <ClInclude Include="yaBomb.h">
      <Filter>Component\Script\Contents\Item\Bomb</Filter>
    </ClInclude>
    <ClInclude Include="yaComputeShader.h">
      <Filter>Resource\Shader</Filter>
    </ClInclude>
    <ClInclude Include="yaPaintShader.h">
      <Filter>Resource\Shader</Filter>
    </ClInclude>
    <ClInclude Include="yaShader.h">
      <Filter>Resource\Shader\Base</Filter>
    </ClInclude>
    <ClInclude Include="yaParticleSystem.h" />
    <ClInclude Include="yaParticleShader.h">
      <Filter>Resource\Shader</Filter>
    </ClInclude>
    <ClInclude Include="yaStructedBuffer.h">
      <Filter>Graphics\Buffer</Filter>
    </ClInclude>
    <ClInclude Include="yaConstantBuffer.h">
      <Filter>Graphics\Buffer</Filter>
    </ClInclude>
    <ClInclude Include="yaGraphicDevice_DX11.h">
      <Filter>Graphics\Api</Filter>
    </ClInclude>
    <ClInclude Include="yaFintParticleScript.h">
      <Filter>Component\Script\ParticleScript</Filter>
    </ClInclude>
    <ClInclude Include="yaBombScript.h">
      <Filter>Component\Script\Contents\Item</Filter>
    </ClInclude>
    <ClInclude Include="yaArrows.h">
      <Filter>Component\Script\Contents\Item</Filter>
    </ClInclude>
    <ClInclude Include="yaPlayerScript.h">
      <Filter>Component\Script\Contents\Player</Filter>
    </ClInclude>
    <ClInclude Include="yaPlayer.h">
      <Filter>Component\Script\Contents\Player</Filter>
    </ClInclude>
    <ClInclude Include="yaBigExplodeParticleScript.h">
      <Filter>Component\Script\ParticleScript</Filter>
    </ClInclude>
    <ClInclude Include="yaGameHud.h">
      <Filter>Component\Script\Contents\UI</Filter>
    </ClInclude>
    <ClInclude Include="yaSmallExplodeParticleScript.h">
      <Filter>Component\Script\ParticleScript</Filter>
    </ClInclude>
    <ClInclude Include="yaBlock.h">
      <Filter>Component\Script\Contents\System</Filter>
    </ClInclude>
    <ClInclude Include="yaDetector.h">
      <Filter>Component\Script\Contents\System</Filter>
    </ClInclude>
    <ClInclude Include="yaInventory.h">
      <Filter>Component\Script\Contents\System</Filter>
    </ClInclude>
    <ClInclude Include="yaStage.h">
      <Filter>Component\Script\Contents\System</Filter>
    </ClInclude>
    <ClInclude Include="yaStore.h">
      <Filter>Component\Script\Contents\System</Filter>
    </ClInclude>
    <ClInclude Include="..\44Engine\yaEditorObject.h">
      <Filter>GameObject</Filter>
    </ClInclude>
    <ClInclude Include="..\44Engine\yaDebugObject.h">
      <Filter>GameObject</Filter>
    </ClInclude>
    <ClInclude Include="yaDispenser.h">
      <Filter>Component\Script\Contents\Trap</Filter>
    </ClInclude>
    <ClInclude Include="yaTotemTrap.h">
      <Filter>Component\Script\Contents\Trap</Filter>
    </ClInclude>
    <ClInclude Include="yaBat.h">
      <Filter>Component\Script\Contents\Monster\Bat</Filter>
    </ClInclude>
    <ClInclude Include="yaCaveman.h">
      <Filter>Component\Script\Contents\Monster\Caveman</Filter>
    </ClInclude>
    <ClInclude Include="yaHornedLizard.h">
      <Filter>Component\Script\Contents\Monster\HornedLizard</Filter>
    </ClInclude>
    <ClInclude Include="yaQuillback.h">
      <Filter>Component\Script\Contents\Monster\Quillback</Filter>
    </ClInclude>
    <ClInclude Include="yaSkeleton.h">
      <Filter>Component\Script\Contents\Monster\Skeleton</Filter>
    </ClInclude>
    <ClInclude Include="yaSnake.h">
      <Filter>Component\Script\Contents\Monster\Snake</Filter>
    </ClInclude>
    <ClInclude Include="yaSpider.h">
      <Filter>Component\Script\Contents\Monster\Spider</Filter>
    </ClInclude>
    <ClInclude Include="yaMerchant.h">
      <Filter>Component\Script\Contents\Monster\Merchant</Filter>
    </ClInclude>
    <ClInclude Include="yaCameraScript.h">
      <Filter>Component\Script\CameraScript</Filter>
    </ClInclude>
    <ClInclude Include="yaScript.h">
      <Filter>Component\Script\Base</Filter>
    </ClInclude>
    <ClInclude Include="yaComponent.h">
      <Filter>Component\Base</Filter>
    </ClInclude>
    <ClInclude Include="yaLight.h">
      <Filter>Component\Light</Filter>
    </ClInclude>
    <ClInclude Include="yaMonsterManager.h" />
    <ClInclude Include="yaExitDoor.h" />
    <ClInclude Include="yaTreasure.h" />
    <ClInclude Include="yaParticleManager.h">
      <Filter>Component\Script\ParticleScript\Manager</Filter>
    </ClInclude>
    <ClInclude Include="yaBounceParticleSript.h">
      <Filter>Component\Script\ParticleScript</Filter>
    </ClInclude>
    <ClInclude Include="yaBloodParticle.h">
      <Filter>Component\Script\ParticleScript</Filter>
    </ClInclude>
    <ClInclude Include="yaBlockDestroyParticle.h" />
    <ClInclude Include="yaShotGunParticle.h">
      <Filter>Component\Script\ParticleScript</Filter>
    </ClInclude>
    <ClInclude Include="yaStageResult.h" />
  </ItemGroup>
  <ItemGroup>
    <None Include="yaMath.inl">
      <Filter>Common\Math</Filter>
    </None>
  </ItemGroup>
</Project>